// !$*UTF8*$!
{
	archiveVersion = 1;
	classes = {
	};
	objectVersion = 50;
	objects = {

/* Begin PBXBuildFile section */
		FF084ECB24E9627900B998CE /* OptionalImage.swift in Sources */ = {isa = PBXBuildFile; fileRef = FF084ECA24E9627900B998CE /* OptionalImage.swift */; };
		FF084ECD24E96F8A00B998CE /* AnimatableSystemFontModifier.swift in Sources */ = {isa = PBXBuildFile; fileRef = FF084ECC24E96F8A00B998CE /* AnimatableSystemFontModifier.swift */; };
		FF60CE8C24ED88AF006F2D69 /* PaletteChooser.swift in Sources */ = {isa = PBXBuildFile; fileRef = FF8E62C624ED613B00EEE367 /* PaletteChooser.swift */; };
		FF60CE8E24ED8ADE006F2D69 /* EmojiArtDocumentPalette.swift in Sources */ = {isa = PBXBuildFile; fileRef = FF60CE8D24ED8ADE006F2D69 /* EmojiArtDocumentPalette.swift */; };
		FF8E62C524ED533B00EEE367 /* Spinning.swift in Sources */ = {isa = PBXBuildFile; fileRef = FF8E62C424ED533B00EEE367 /* Spinning.swift */; };
		FFCFAD4724EECE4300FB09E9 /* Grid.swift in Sources */ = {isa = PBXBuildFile; fileRef = FFCFAD4524EECE4300FB09E9 /* Grid.swift */; };
		FFCFAD4824EECE4300FB09E9 /* GridLayout.swift in Sources */ = {isa = PBXBuildFile; fileRef = FFCFAD4624EECE4300FB09E9 /* GridLayout.swift */; };
		FFDD976E24E7F00400C4B1AF /* EmojiArtApp.swift in Sources */ = {isa = PBXBuildFile; fileRef = FFDD976D24E7F00400C4B1AF /* EmojiArtApp.swift */; };
		FFDD977024E7F00400C4B1AF /* EmojiArtDocumentView.swift in Sources */ = {isa = PBXBuildFile; fileRef = FFDD976F24E7F00400C4B1AF /* EmojiArtDocumentView.swift */; };
		FFDD977224E7F00500C4B1AF /* Assets.xcassets in Resources */ = {isa = PBXBuildFile; fileRef = FFDD977124E7F00500C4B1AF /* Assets.xcassets */; };
		FFDD977524E7F00500C4B1AF /* Preview Assets.xcassets in Resources */ = {isa = PBXBuildFile; fileRef = FFDD977424E7F00500C4B1AF /* Preview Assets.xcassets */; };
		FFDD977D24E7F03A00C4B1AF /* EmojiArtDocument.swift in Sources */ = {isa = PBXBuildFile; fileRef = FFDD977C24E7F03A00C4B1AF /* EmojiArtDocument.swift */; };
		FFDD977F24E7F94F00C4B1AF /* EmojiArt.swift in Sources */ = {isa = PBXBuildFile; fileRef = FFDD977E24E7F94F00C4B1AF /* EmojiArt.swift */; };
		FFDD978124E8096500C4B1AF /* EmojiArtExtensions.swift in Sources */ = {isa = PBXBuildFile; fileRef = FFDD978024E8096500C4B1AF /* EmojiArtExtensions.swift */; };
/* End PBXBuildFile section */

/* Begin PBXFileReference section */
		FF084ECA24E9627900B998CE /* OptionalImage.swift */ = {isa = PBXFileReference; lastKnownFileType = sourcecode.swift; path = OptionalImage.swift; sourceTree = "<group>"; };
		FF084ECC24E96F8A00B998CE /* AnimatableSystemFontModifier.swift */ = {isa = PBXFileReference; fileEncoding = 4; lastKnownFileType = sourcecode.swift; path = AnimatableSystemFontModifier.swift; sourceTree = "<group>"; };
		FF60CE8D24ED8ADE006F2D69 /* EmojiArtDocumentPalette.swift */ = {isa = PBXFileReference; fileEncoding = 4; lastKnownFileType = sourcecode.swift; path = EmojiArtDocumentPalette.swift; sourceTree = "<group>"; };
		FF8E62C424ED533B00EEE367 /* Spinning.swift */ = {isa = PBXFileReference; lastKnownFileType = sourcecode.swift; path = Spinning.swift; sourceTree = "<group>"; };
		FF8E62C624ED613B00EEE367 /* PaletteChooser.swift */ = {isa = PBXFileReference; lastKnownFileType = sourcecode.swift; path = PaletteChooser.swift; sourceTree = "<group>"; };
		FFCFAD4524EECE4300FB09E9 /* Grid.swift */ = {isa = PBXFileReference; fileEncoding = 4; lastKnownFileType = sourcecode.swift; path = Grid.swift; sourceTree = "<group>"; };
		FFCFAD4624EECE4300FB09E9 /* GridLayout.swift */ = {isa = PBXFileReference; fileEncoding = 4; lastKnownFileType = sourcecode.swift; path = GridLayout.swift; sourceTree = "<group>"; };
		FFDD976A24E7F00400C4B1AF /* EmojiArt.app */ = {isa = PBXFileReference; explicitFileType = wrapper.application; includeInIndex = 0; path = EmojiArt.app; sourceTree = BUILT_PRODUCTS_DIR; };
		FFDD976D24E7F00400C4B1AF /* EmojiArtApp.swift */ = {isa = PBXFileReference; lastKnownFileType = sourcecode.swift; path = EmojiArtApp.swift; sourceTree = "<group>"; };
		FFDD976F24E7F00400C4B1AF /* EmojiArtDocumentView.swift */ = {isa = PBXFileReference; lastKnownFileType = sourcecode.swift; path = EmojiArtDocumentView.swift; sourceTree = "<group>"; };
		FFDD977124E7F00500C4B1AF /* Assets.xcassets */ = {isa = PBXFileReference; lastKnownFileType = folder.assetcatalog; path = Assets.xcassets; sourceTree = "<group>"; };
		FFDD977424E7F00500C4B1AF /* Preview Assets.xcassets */ = {isa = PBXFileReference; lastKnownFileType = folder.assetcatalog; path = "Preview Assets.xcassets"; sourceTree = "<group>"; };
		FFDD977624E7F00500C4B1AF /* Info.plist */ = {isa = PBXFileReference; lastKnownFileType = text.plist.xml; path = Info.plist; sourceTree = "<group>"; };
		FFDD977C24E7F03A00C4B1AF /* EmojiArtDocument.swift */ = {isa = PBXFileReference; lastKnownFileType = sourcecode.swift; path = EmojiArtDocument.swift; sourceTree = "<group>"; };
		FFDD977E24E7F94F00C4B1AF /* EmojiArt.swift */ = {isa = PBXFileReference; lastKnownFileType = sourcecode.swift; path = EmojiArt.swift; sourceTree = "<group>"; };
		FFDD978024E8096500C4B1AF /* EmojiArtExtensions.swift */ = {isa = PBXFileReference; fileEncoding = 4; lastKnownFileType = sourcecode.swift; path = EmojiArtExtensions.swift; sourceTree = "<group>"; };
/* End PBXFileReference section */

/* Begin PBXFrameworksBuildPhase section */
		FFDD976724E7F00400C4B1AF /* Frameworks */ = {
			isa = PBXFrameworksBuildPhase;
			buildActionMask = 2147483647;
			files = (
			);
			runOnlyForDeploymentPostprocessing = 0;
		};
/* End PBXFrameworksBuildPhase section */

/* Begin PBXGroup section */
		FFDD976124E7F00400C4B1AF = {
			isa = PBXGroup;
			children = (
				FFDD976C24E7F00400C4B1AF /* EmojiArt */,
				FFDD976B24E7F00400C4B1AF /* Products */,
			);
			sourceTree = "<group>";
		};
		FFDD976B24E7F00400C4B1AF /* Products */ = {
			isa = PBXGroup;
			children = (
				FFDD976A24E7F00400C4B1AF /* EmojiArt.app */,
			);
			name = Products;
			sourceTree = "<group>";
		};
		FFDD976C24E7F00400C4B1AF /* EmojiArt */ = {
			isa = PBXGroup;
			children = (
				FF084ECC24E96F8A00B998CE /* AnimatableSystemFontModifier.swift */,
				FFDD977124E7F00500C4B1AF /* Assets.xcassets */,
				FFDD977E24E7F94F00C4B1AF /* EmojiArt.swift */,
				FFDD976D24E7F00400C4B1AF /* EmojiArtApp.swift */,
				FFDD977C24E7F03A00C4B1AF /* EmojiArtDocument.swift */,
				FF60CE8D24ED8ADE006F2D69 /* EmojiArtDocumentPalette.swift */,
				FFDD976F24E7F00400C4B1AF /* EmojiArtDocumentView.swift */,
				FFDD978024E8096500C4B1AF /* EmojiArtExtensions.swift */,
				FFCFAD4524EECE4300FB09E9 /* Grid.swift */,
				FFCFAD4624EECE4300FB09E9 /* GridLayout.swift */,
				FFDD977624E7F00500C4B1AF /* Info.plist */,
				FF084ECA24E9627900B998CE /* OptionalImage.swift */,
				FF8E62C624ED613B00EEE367 /* PaletteChooser.swift */,
				FFDD977324E7F00500C4B1AF /* Preview Content */,
				FF8E62C424ED533B00EEE367 /* Spinning.swift */,
			);
			path = EmojiArt;
			sourceTree = "<group>";
		};
		FFDD977324E7F00500C4B1AF /* Preview Content */ = {
			isa = PBXGroup;
			children = (
				FFDD977424E7F00500C4B1AF /* Preview Assets.xcassets */,
			);
			path = "Preview Content";
			sourceTree = "<group>";
		};
/* End PBXGroup section */

/* Begin PBXNativeTarget section */
		FFDD976924E7F00400C4B1AF /* EmojiArt */ = {
			isa = PBXNativeTarget;
			buildConfigurationList = FFDD977924E7F00500C4B1AF /* Build configuration list for PBXNativeTarget "EmojiArt" */;
			buildPhases = (
				FFDD976624E7F00400C4B1AF /* Sources */,
				FFDD976724E7F00400C4B1AF /* Frameworks */,
				FFDD976824E7F00400C4B1AF /* Resources */,
			);
			buildRules = (
			);
			dependencies = (
			);
			name = EmojiArt;
			productName = EmojiArt;
			productReference = FFDD976A24E7F00400C4B1AF /* EmojiArt.app */;
			productType = "com.apple.product-type.application";
		};
/* End PBXNativeTarget section */

/* Begin PBXProject section */
		FFDD976224E7F00400C4B1AF /* Project object */ = {
			isa = PBXProject;
			attributes = {
				LastSwiftUpdateCheck = 1200;
				LastUpgradeCheck = 1200;
				TargetAttributes = {
					FFDD976924E7F00400C4B1AF = {
						CreatedOnToolsVersion = 12.0;
					};
				};
			};
			buildConfigurationList = FFDD976524E7F00400C4B1AF /* Build configuration list for PBXProject "EmojiArt" */;
			compatibilityVersion = "Xcode 9.3";
			developmentRegion = en;
			hasScannedForEncodings = 0;
			knownRegions = (
				en,
				Base,
			);
			mainGroup = FFDD976124E7F00400C4B1AF;
			productRefGroup = FFDD976B24E7F00400C4B1AF /* Products */;
			projectDirPath = "";
			projectRoot = "";
			targets = (
				FFDD976924E7F00400C4B1AF /* EmojiArt */,
			);
		};
/* End PBXProject section */

/* Begin PBXResourcesBuildPhase section */
		FFDD976824E7F00400C4B1AF /* Resources */ = {
			isa = PBXResourcesBuildPhase;
			buildActionMask = 2147483647;
			files = (
				FFDD977524E7F00500C4B1AF /* Preview Assets.xcassets in Resources */,
				FFDD977224E7F00500C4B1AF /* Assets.xcassets in Resources */,
			);
			runOnlyForDeploymentPostprocessing = 0;
		};
/* End PBXResourcesBuildPhase section */

/* Begin PBXSourcesBuildPhase section */
		FFDD976624E7F00400C4B1AF /* Sources */ = {
			isa = PBXSourcesBuildPhase;
			buildActionMask = 2147483647;
			files = (
				FF084ECD24E96F8A00B998CE /* AnimatableSystemFontModifier.swift in Sources */,
				FFDD977F24E7F94F00C4B1AF /* EmojiArt.swift in Sources */,
				FFDD978124E8096500C4B1AF /* EmojiArtExtensions.swift in Sources */,
				FFCFAD4824EECE4300FB09E9 /* GridLayout.swift in Sources */,
				FFDD977024E7F00400C4B1AF /* EmojiArtDocumentView.swift in Sources */,
				FFCFAD4724EECE4300FB09E9 /* Grid.swift in Sources */,
				FF084ECB24E9627900B998CE /* OptionalImage.swift in Sources */,
				FF60CE8E24ED8ADE006F2D69 /* EmojiArtDocumentPalette.swift in Sources */,
				FFDD977D24E7F03A00C4B1AF /* EmojiArtDocument.swift in Sources */,
				FFDD976E24E7F00400C4B1AF /* EmojiArtApp.swift in Sources */,
				FF8E62C524ED533B00EEE367 /* Spinning.swift in Sources */,
				FF60CE8C24ED88AF006F2D69 /* PaletteChooser.swift in Sources */,
			);
			runOnlyForDeploymentPostprocessing = 0;
		};
/* End PBXSourcesBuildPhase section */

/* Begin XCBuildConfiguration section */
		FFDD977724E7F00500C4B1AF /* Debug */ = {
			isa = XCBuildConfiguration;
			buildSettings = {
				ALWAYS_SEARCH_USER_PATHS = NO;
				CLANG_ANALYZER_NONNULL = YES;
				CLANG_ANALYZER_NUMBER_OBJECT_CONVERSION = YES_AGGRESSIVE;
				CLANG_CXX_LANGUAGE_STANDARD = "gnu++14";
				CLANG_CXX_LIBRARY = "libc++";
				CLANG_ENABLE_MODULES = YES;
				CLANG_ENABLE_OBJC_ARC = YES;
				CLANG_ENABLE_OBJC_WEAK = YES;
				CLANG_WARN_BLOCK_CAPTURE_AUTORELEASING = YES;
				CLANG_WARN_BOOL_CONVERSION = YES;
				CLANG_WARN_COMMA = YES;
				CLANG_WARN_CONSTANT_CONVERSION = YES;
				CLANG_WARN_DEPRECATED_OBJC_IMPLEMENTATIONS = YES;
				CLANG_WARN_DIRECT_OBJC_ISA_USAGE = YES_ERROR;
				CLANG_WARN_DOCUMENTATION_COMMENTS = YES;
				CLANG_WARN_EMPTY_BODY = YES;
				CLANG_WARN_ENUM_CONVERSION = YES;
				CLANG_WARN_INFINITE_RECURSION = YES;
				CLANG_WARN_INT_CONVERSION = YES;
				CLANG_WARN_NON_LITERAL_NULL_CONVERSION = YES;
				CLANG_WARN_OBJC_IMPLICIT_RETAIN_SELF = YES;
				CLANG_WARN_OBJC_LITERAL_CONVERSION = YES;
				CLANG_WARN_OBJC_ROOT_CLASS = YES_ERROR;
				CLANG_WARN_QUOTED_INCLUDE_IN_FRAMEWORK_HEADER = YES;
				CLANG_WARN_RANGE_LOOP_ANALYSIS = YES;
				CLANG_WARN_STRICT_PROTOTYPES = YES;
				CLANG_WARN_SUSPICIOUS_MOVE = YES;
				CLANG_WARN_UNGUARDED_AVAILABILITY = YES_AGGRESSIVE;
				CLANG_WARN_UNREACHABLE_CODE = YES;
				CLANG_WARN__DUPLICATE_METHOD_MATCH = YES;
				COPY_PHASE_STRIP = NO;
				DEBUG_INFORMATION_FORMAT = dwarf;
				ENABLE_STRICT_OBJC_MSGSEND = YES;
				ENABLE_TESTABILITY = YES;
				GCC_C_LANGUAGE_STANDARD = gnu11;
				GCC_DYNAMIC_NO_PIC = NO;
				GCC_NO_COMMON_BLOCKS = YES;
				GCC_OPTIMIZATION_LEVEL = 0;
				GCC_PREPROCESSOR_DEFINITIONS = (
					"DEBUG=1",
					"$(inherited)",
				);
				GCC_WARN_64_TO_32_BIT_CONVERSION = YES;
				GCC_WARN_ABOUT_RETURN_TYPE = YES_ERROR;
				GCC_WARN_UNDECLARED_SELECTOR = YES;
				GCC_WARN_UNINITIALIZED_AUTOS = YES_AGGRESSIVE;
				GCC_WARN_UNUSED_FUNCTION = YES;
				GCC_WARN_UNUSED_VARIABLE = YES;
				IPHONEOS_DEPLOYMENT_TARGET = 14.0;
				MTL_ENABLE_DEBUG_INFO = INCLUDE_SOURCE;
				MTL_FAST_MATH = YES;
				ONLY_ACTIVE_ARCH = YES;
				SDKROOT = iphoneos;
				SWIFT_ACTIVE_COMPILATION_CONDITIONS = DEBUG;
				SWIFT_OPTIMIZATION_LEVEL = "-Onone";
			};
			name = Debug;
		};
		FFDD977824E7F00500C4B1AF /* Release */ = {
			isa = XCBuildConfiguration;
			buildSettings = {
				ALWAYS_SEARCH_USER_PATHS = NO;
				CLANG_ANALYZER_NONNULL = YES;
				CLANG_ANALYZER_NUMBER_OBJECT_CONVERSION = YES_AGGRESSIVE;
				CLANG_CXX_LANGUAGE_STANDARD = "gnu++14";
				CLANG_CXX_LIBRARY = "libc++";
				CLANG_ENABLE_MODULES = YES;
				CLANG_ENABLE_OBJC_ARC = YES;
				CLANG_ENABLE_OBJC_WEAK = YES;
				CLANG_WARN_BLOCK_CAPTURE_AUTORELEASING = YES;
				CLANG_WARN_BOOL_CONVERSION = YES;
				CLANG_WARN_COMMA = YES;
				CLANG_WARN_CONSTANT_CONVERSION = YES;
				CLANG_WARN_DEPRECATED_OBJC_IMPLEMENTATIONS = YES;
				CLANG_WARN_DIRECT_OBJC_ISA_USAGE = YES_ERROR;
				CLANG_WARN_DOCUMENTATION_COMMENTS = YES;
				CLANG_WARN_EMPTY_BODY = YES;
				CLANG_WARN_ENUM_CONVERSION = YES;
				CLANG_WARN_INFINITE_RECURSION = YES;
				CLANG_WARN_INT_CONVERSION = YES;
				CLANG_WARN_NON_LITERAL_NULL_CONVERSION = YES;
				CLANG_WARN_OBJC_IMPLICIT_RETAIN_SELF = YES;
				CLANG_WARN_OBJC_LITERAL_CONVERSION = YES;
				CLANG_WARN_OBJC_ROOT_CLASS = YES_ERROR;
				CLANG_WARN_QUOTED_INCLUDE_IN_FRAMEWORK_HEADER = YES;
				CLANG_WARN_RANGE_LOOP_ANALYSIS = YES;
				CLANG_WARN_STRICT_PROTOTYPES = YES;
				CLANG_WARN_SUSPICIOUS_MOVE = YES;
				CLANG_WARN_UNGUARDED_AVAILABILITY = YES_AGGRESSIVE;
				CLANG_WARN_UNREACHABLE_CODE = YES;
				CLANG_WARN__DUPLICATE_METHOD_MATCH = YES;
				COPY_PHASE_STRIP = NO;
				DEBUG_INFORMATION_FORMAT = "dwarf-with-dsym";
				ENABLE_NS_ASSERTIONS = NO;
				ENABLE_STRICT_OBJC_MSGSEND = YES;
				GCC_C_LANGUAGE_STANDARD = gnu11;
				GCC_NO_COMMON_BLOCKS = YES;
				GCC_WARN_64_TO_32_BIT_CONVERSION = YES;
				GCC_WARN_ABOUT_RETURN_TYPE = YES_ERROR;
				GCC_WARN_UNDECLARED_SELECTOR = YES;
				GCC_WARN_UNINITIALIZED_AUTOS = YES_AGGRESSIVE;
				GCC_WARN_UNUSED_FUNCTION = YES;
				GCC_WARN_UNUSED_VARIABLE = YES;
				IPHONEOS_DEPLOYMENT_TARGET = 14.0;
				MTL_ENABLE_DEBUG_INFO = NO;
				MTL_FAST_MATH = YES;
				SDKROOT = iphoneos;
				SWIFT_COMPILATION_MODE = wholemodule;
				SWIFT_OPTIMIZATION_LEVEL = "-O";
				VALIDATE_PRODUCT = YES;
			};
			name = Release;
		};
		FFDD977A24E7F00500C4B1AF /* Debug */ = {
			isa = XCBuildConfiguration;
			buildSettings = {
				ASSETCATALOG_COMPILER_APPICON_NAME = AppIcon;
				ASSETCATALOG_COMPILER_GLOBAL_ACCENT_COLOR_NAME = AccentColor;
				CODE_SIGN_STYLE = Automatic;
				DEVELOPMENT_ASSET_PATHS = "\"EmojiArt/Preview Content\"";
				DEVELOPMENT_TEAM = Z9547DGXJX;
				ENABLE_PREVIEWS = YES;
				INFOPLIST_FILE = EmojiArt/Info.plist;
				IPHONEOS_DEPLOYMENT_TARGET = 14.0;
				LD_RUNPATH_SEARCH_PATHS = (
					"$(inherited)",
					"@executable_path/Frameworks",
				);
				PRODUCT_BUNDLE_IDENTIFIER = com.ulusalomer.EmojiArt;
				PRODUCT_NAME = "$(TARGET_NAME)";
				SWIFT_VERSION = 5.0;
				TARGETED_DEVICE_FAMILY = "1,2";
			};
			name = Debug;
		};
		FFDD977B24E7F00500C4B1AF /* Release */ = {
			isa = XCBuildConfiguration;
			buildSettings = {
				ASSETCATALOG_COMPILER_APPICON_NAME = AppIcon;
				ASSETCATALOG_COMPILER_GLOBAL_ACCENT_COLOR_NAME = AccentColor;
				CODE_SIGN_STYLE = Automatic;
				DEVELOPMENT_ASSET_PATHS = "\"EmojiArt/Preview Content\"";
				DEVELOPMENT_TEAM = Z9547DGXJX;
				ENABLE_PREVIEWS = YES;
				INFOPLIST_FILE = EmojiArt/Info.plist;
				IPHONEOS_DEPLOYMENT_TARGET = 14.0;
				LD_RUNPATH_SEARCH_PATHS = (
					"$(inherited)",
					"@executable_path/Frameworks",
				);
				PRODUCT_BUNDLE_IDENTIFIER = com.ulusalomer.EmojiArt;
				PRODUCT_NAME = "$(TARGET_NAME)";
				SWIFT_VERSION = 5.0;
				TARGETED_DEVICE_FAMILY = "1,2";
			};
			name = Release;
		};
/* End XCBuildConfiguration section */

/* Begin XCConfigurationList section */
		FFDD976524E7F00400C4B1AF /* Build configuration list for PBXProject "EmojiArt" */ = {
			isa = XCConfigurationList;
			buildConfigurations = (
				FFDD977724E7F00500C4B1AF /* Debug */,
				FFDD977824E7F00500C4B1AF /* Release */,
			);
			defaultConfigurationIsVisible = 0;
			defaultConfigurationName = Release;
		};
		FFDD977924E7F00500C4B1AF /* Build configuration list for PBXNativeTarget "EmojiArt" */ = {
			isa = XCConfigurationList;
			buildConfigurations = (
				FFDD977A24E7F00500C4B1AF /* Debug */,
				FFDD977B24E7F00500C4B1AF /* Release */,
			);
			defaultConfigurationIsVisible = 0;
			defaultConfigurationName = Release;
		};
/* End XCConfigurationList section */
	};
	rootObject = FFDD976224E7F00400C4B1AF /* Project object */;
}
